
Microsoft Visual Studio Solution File, Format Version 12.00
# Visual Studio Version 17
VisualStudioVersion = 17.7.34202.233
MinimumVisualStudioVersion = 10.0.40219.1
Project("{FAE04EC0-301F-11D3-BF4B-00C04F79EFBC}") = "Calculator", "Calculator\Calculator.csproj", "{7652E719-8848-44C5-94FD-C7430902138F}"
EndProject
Project("{FAE04EC0-301F-11D3-BF4B-00C04F79EFBC}") = "UnitTests", "UnitTests\UnitTests.csproj", "{8391FD9F-A89F-40AB-B654-C03DAB3176C8}"
EndProject
Global
	GlobalSection(SolutionConfigurationPlatforms) = preSolution
		Debug|Any CPU = Debug|Any CPU
		Release|Any CPU = Release|Any CPU
	EndGlobalSection
	GlobalSection(ProjectConfigurationPlatforms) = postSolution
		{7652E719-8848-44C5-94FD-C7430902138F}.Debug|Any CPU.ActiveCfg = Debug|Any CPU
		{7652E719-8848-44C5-94FD-C7430902138F}.Debug|Any CPU.Build.0 = Debug|Any CPU
		{7652E719-8848-44C5-94FD-C7430902138F}.Release|Any CPU.ActiveCfg = Release|Any CPU
		{7652E719-8848-44C5-94FD-C7430902138F}.Release|Any CPU.Build.0 = Release|Any CPU
		{8391FD9F-A89F-40AB-B654-C03DAB3176C8}.Debug|Any CPU.ActiveCfg = Debug|Any CPU
		{8391FD9F-A89F-40AB-B654-C03DAB3176C8}.Debug|Any CPU.Build.0 = Debug|Any CPU
		{8391FD9F-A89F-40AB-B654-C03DAB3176C8}.Release|Any CPU.ActiveCfg = Release|Any CPU
		{8391FD9F-A89F-40AB-B654-C03DAB3176C8}.Release|Any CPU.Build.0 = Release|Any CPU
	EndGlobalSection
	GlobalSection(SolutionProperties) = preSolution
		HideSolutionNode = FALSE
	EndGlobalSection
	GlobalSection(ExtensibilityGlobals) = postSolution
		SolutionGuid = {8C059CE9-D115-41BD-9B5F-BE2A57C98BAE}
	EndGlobalSection
EndGlobal
